
Microsoft Visual Studio Solution File, Format Version 12.00
# Visual Studio Version 17
VisualStudioVersion = 17.3.32825.248
MinimumVisualStudioVersion = 10.0.40219.1
Project("{FAE04EC0-301F-11D3-BF4B-00C04F79EFBC}") = "Address_Book_LINQ", "Address_Book_LINQ.csproj", "{0DD9A230-318D-4458-87A8-9E537438072E}"
EndProject
Global
	GlobalSection(SolutionConfigurationPlatforms) = preSolution
		Debug|Any CPU = Debug|Any CPU
		Release|Any CPU = Release|Any CPU
	EndGlobalSection
	GlobalSection(ProjectConfigurationPlatforms) = postSolution
		{0DD9A230-318D-4458-87A8-9E537438072E}.Debug|Any CPU.ActiveCfg = Debug|Any CPU
		{0DD9A230-318D-4458-87A8-9E537438072E}.Debug|Any CPU.Build.0 = Debug|Any CPU
		{0DD9A230-318D-4458-87A8-9E537438072E}.Release|Any CPU.ActiveCfg = Release|Any CPU
		{0DD9A230-318D-4458-87A8-9E537438072E}.Release|Any CPU.Build.0 = Release|Any CPU
	EndGlobalSection
	GlobalSection(SolutionProperties) = preSolution
		HideSolutionNode = FALSE
	EndGlobalSection
	GlobalSection(ExtensibilityGlobals) = postSolution
		SolutionGuid = {F1436C01-6B37-4C78-9D5D-D82F4F3696A9}
	EndGlobalSection
EndGlobal
